
Microsoft Visual Studio Solution File, Format Version 12.00
# Visual Studio Version 16
VisualStudioVersion = 16.0.30128.74
MinimumVisualStudioVersion = 10.0.40219.1
Project("{FAE04EC0-301F-11D3-BF4B-00C04F79EFBC}") = "PromotionEngine.ConsoleApp", "PromotionEngine.ConsoleApp\PromotionEngine.ConsoleApp.csproj", "{DB6CD607-B2F8-40B7-A0C3-62C81705FF94}"
EndProject
Project("{FAE04EC0-301F-11D3-BF4B-00C04F79EFBC}") = "PromotionEngine.DTO", "PromotionEngine.DTO\PromotionEngine.DTO.csproj", "{134C6C5A-EDE7-494D-A312-8BE677382A32}"
EndProject
Project("{FAE04EC0-301F-11D3-BF4B-00C04F79EFBC}") = "PromotionEngine.UnitTesting", "PromotionEngine.UnitTesting\PromotionEngine.UnitTesting.csproj", "{3F15A0CD-7755-4454-8E86-72E2ACA10E9D}"
EndProject
Project("{FAE04EC0-301F-11D3-BF4B-00C04F79EFBC}") = "PromotionEngine.Constants", "PromotionEngine.Constants\PromotionEngine.Constants.csproj", "{12937DB9-904C-449C-AA76-9FF204246E42}"
EndProject
Project("{FAE04EC0-301F-11D3-BF4B-00C04F79EFBC}") = "PromotionEngine.DomainEntity", "PromotionEngine.DomainEntity\PromotionEngine.DomainEntity.csproj", "{98F42C24-54D4-407C-A358-F6104F1A7507}"
EndProject
Project("{FAE04EC0-301F-11D3-BF4B-00C04F79EFBC}") = "PromotionEngine.DataAccessLayer", "PromotionEngine.DataAccessLayer\PromotionEngine.DataAccessLayer.csproj", "{AA61ABD5-5EEC-4246-B96D-663F2B69C5AE}"
EndProject
Project("{FAE04EC0-301F-11D3-BF4B-00C04F79EFBC}") = "PromotionEngine.BusinessLogicLayer", "PromotionEngine.BusinessLogicLayer\PromotionEngine.BusinessLogicLayer.csproj", "{7E360BD7-1A43-4CEF-9D8E-15D3ADE09768}"
EndProject
Project("{2150E333-8FDC-42A3-9474-1A3956D46DE8}") = "DataAccessLayer", "DataAccessLayer", "{EF358431-05E4-4880-B9BD-7F3DE69E0B69}"
EndProject
Project("{2150E333-8FDC-42A3-9474-1A3956D46DE8}") = "BusinessLogicLayer", "BusinessLogicLayer", "{F89CD921-66F3-4231-9EE9-0751620A5D8A}"
EndProject
Project("{2150E333-8FDC-42A3-9474-1A3956D46DE8}") = "Utilities", "Utilities", "{83BFEF53-D9F9-4210-9013-3A6256243A26}"
EndProject
Project("{2150E333-8FDC-42A3-9474-1A3956D46DE8}") = "DataTransferobjects", "DataTransferobjects", "{BF137D64-FDBB-4D9A-A773-6D890A790F03}"
EndProject
Project("{2150E333-8FDC-42A3-9474-1A3956D46DE8}") = "UnitTesting", "UnitTesting", "{B303EC79-4F33-4C4B-B5CD-5238504F45B2}"
EndProject
Global
	GlobalSection(SolutionConfigurationPlatforms) = preSolution
		Debug|Any CPU = Debug|Any CPU
		Release|Any CPU = Release|Any CPU
	EndGlobalSection
	GlobalSection(ProjectConfigurationPlatforms) = postSolution
		{DB6CD607-B2F8-40B7-A0C3-62C81705FF94}.Debug|Any CPU.ActiveCfg = Debug|Any CPU
		{DB6CD607-B2F8-40B7-A0C3-62C81705FF94}.Debug|Any CPU.Build.0 = Debug|Any CPU
		{DB6CD607-B2F8-40B7-A0C3-62C81705FF94}.Release|Any CPU.ActiveCfg = Release|Any CPU
		{DB6CD607-B2F8-40B7-A0C3-62C81705FF94}.Release|Any CPU.Build.0 = Release|Any CPU
		{134C6C5A-EDE7-494D-A312-8BE677382A32}.Debug|Any CPU.ActiveCfg = Debug|Any CPU
		{134C6C5A-EDE7-494D-A312-8BE677382A32}.Debug|Any CPU.Build.0 = Debug|Any CPU
		{134C6C5A-EDE7-494D-A312-8BE677382A32}.Release|Any CPU.ActiveCfg = Release|Any CPU
		{134C6C5A-EDE7-494D-A312-8BE677382A32}.Release|Any CPU.Build.0 = Release|Any CPU
		{3F15A0CD-7755-4454-8E86-72E2ACA10E9D}.Debug|Any CPU.ActiveCfg = Debug|Any CPU
		{3F15A0CD-7755-4454-8E86-72E2ACA10E9D}.Debug|Any CPU.Build.0 = Debug|Any CPU
		{3F15A0CD-7755-4454-8E86-72E2ACA10E9D}.Release|Any CPU.ActiveCfg = Release|Any CPU
		{3F15A0CD-7755-4454-8E86-72E2ACA10E9D}.Release|Any CPU.Build.0 = Release|Any CPU
		{12937DB9-904C-449C-AA76-9FF204246E42}.Debug|Any CPU.ActiveCfg = Debug|Any CPU
		{12937DB9-904C-449C-AA76-9FF204246E42}.Debug|Any CPU.Build.0 = Debug|Any CPU
		{12937DB9-904C-449C-AA76-9FF204246E42}.Release|Any CPU.ActiveCfg = Release|Any CPU
		{12937DB9-904C-449C-AA76-9FF204246E42}.Release|Any CPU.Build.0 = Release|Any CPU
		{98F42C24-54D4-407C-A358-F6104F1A7507}.Debug|Any CPU.ActiveCfg = Debug|Any CPU
		{98F42C24-54D4-407C-A358-F6104F1A7507}.Debug|Any CPU.Build.0 = Debug|Any CPU
		{98F42C24-54D4-407C-A358-F6104F1A7507}.Release|Any CPU.ActiveCfg = Release|Any CPU
		{98F42C24-54D4-407C-A358-F6104F1A7507}.Release|Any CPU.Build.0 = Release|Any CPU
		{AA61ABD5-5EEC-4246-B96D-663F2B69C5AE}.Debug|Any CPU.ActiveCfg = Debug|Any CPU
		{AA61ABD5-5EEC-4246-B96D-663F2B69C5AE}.Debug|Any CPU.Build.0 = Debug|Any CPU
		{AA61ABD5-5EEC-4246-B96D-663F2B69C5AE}.Release|Any CPU.ActiveCfg = Release|Any CPU
		{AA61ABD5-5EEC-4246-B96D-663F2B69C5AE}.Release|Any CPU.Build.0 = Release|Any CPU
		{7E360BD7-1A43-4CEF-9D8E-15D3ADE09768}.Debug|Any CPU.ActiveCfg = Debug|Any CPU
		{7E360BD7-1A43-4CEF-9D8E-15D3ADE09768}.Debug|Any CPU.Build.0 = Debug|Any CPU
		{7E360BD7-1A43-4CEF-9D8E-15D3ADE09768}.Release|Any CPU.ActiveCfg = Release|Any CPU
		{7E360BD7-1A43-4CEF-9D8E-15D3ADE09768}.Release|Any CPU.Build.0 = Release|Any CPU
	EndGlobalSection
	GlobalSection(SolutionProperties) = preSolution
		HideSolutionNode = FALSE
	EndGlobalSection
	GlobalSection(NestedProjects) = preSolution
		{134C6C5A-EDE7-494D-A312-8BE677382A32} = {BF137D64-FDBB-4D9A-A773-6D890A790F03}
		{3F15A0CD-7755-4454-8E86-72E2ACA10E9D} = {B303EC79-4F33-4C4B-B5CD-5238504F45B2}
		{12937DB9-904C-449C-AA76-9FF204246E42} = {83BFEF53-D9F9-4210-9013-3A6256243A26}
		{98F42C24-54D4-407C-A358-F6104F1A7507} = {EF358431-05E4-4880-B9BD-7F3DE69E0B69}
		{AA61ABD5-5EEC-4246-B96D-663F2B69C5AE} = {EF358431-05E4-4880-B9BD-7F3DE69E0B69}
		{7E360BD7-1A43-4CEF-9D8E-15D3ADE09768} = {F89CD921-66F3-4231-9EE9-0751620A5D8A}
	EndGlobalSection
	GlobalSection(ExtensibilityGlobals) = postSolution
		SolutionGuid = {E2D6F356-1980-40F7-97FD-40701FFEE220}
	EndGlobalSection
EndGlobal
